// !$*UTF8*$!
{
	archiveVersion = 1;
	classes = {
	};
	objectVersion = 46;
	objects = {

/* Begin PBXBuildFile section */
		689AA1E387F6FBA866B2883C /* Pods_TestApp.framework in Frameworks */ = {isa = PBXBuildFile; fileRef = B618CC043891F2BD6DCF1D07 /* Pods_TestApp.framework */; };
		C5EEA00E9B957BBFB59A6C24 /* ViewController.swift in Sources */ = {isa = PBXBuildFile; fileRef = C5EEA26EAC3287E15F645856 /* ViewController.swift */; };
		C5EEA0AB5174AC813BD9B92B /* AppDelegate.swift in Sources */ = {isa = PBXBuildFile; fileRef = C5EEA33ACCE1034185D16A29 /* AppDelegate.swift */; };
		C5EEA0B317C73935A7252D83 /* Theme.swift in Sources */ = {isa = PBXBuildFile; fileRef = C5EEA2353C28B2C87F0A49C0 /* Theme.swift */; };
		C5EEA0EF69575F5A86092FAA /* Objects.swift in Sources */ = {isa = PBXBuildFile; fileRef = C5EEA401090C8B1C4282E87D /* Objects.swift */; };
		C5EEA1024406C3B7501AF338 /* CFile.swift in Sources */ = {isa = PBXBuildFile; fileRef = C5EEA951D7901F4DCB8A808F /* CFile.swift */; };
		C5EEA11486F93EE5DCF002B7 /* AppDele.swift in Sources */ = {isa = PBXBuildFile; fileRef = C5EEA2D0F728CE6249400E4F /* AppDele.swift */; };
		C5EEA12B0D9D4E7A7E89FB9B /* Date.swift in Sources */ = {isa = PBXBuildFile; fileRef = C5EEA4BA85D3729FE4481540 /* Date.swift */; };
		C5EEA17FA499A91DB3979E28 /* ScaleAnim.swift in Sources */ = {isa = PBXBuildFile; fileRef = C5EEA32F991159F7840C59E3 /* ScaleAnim.swift */; };
		C5EEA1C405F5A6278B34DA91 /* Hex.swift in Sources */ = {isa = PBXBuildFile; fileRef = C5EEA4E37DE9D6AA830D0516 /* Hex.swift */; };
		C5EEA1E18C76A486679FC8D4 /* ImageViews.swift in Sources */ = {isa = PBXBuildFile; fileRef = C5EEA2BE7DBD47A87267E99C /* ImageViews.swift */; };
		C5EEA215C52567F40A203D5C /* AlertSheet.swift in Sources */ = {isa = PBXBuildFile; fileRef = C5EEABA1F5EAE20656BA98A5 /* AlertSheet.swift */; };
		C5EEA248EE333BD87DA53F54 /* AttrText.swift in Sources */ = {isa = PBXBuildFile; fileRef = C5EEAD4FA03958D8F82A7663 /* AttrText.swift */; };
		C5EEA2972453383531057967 /* Alert.swift in Sources */ = {isa = PBXBuildFile; fileRef = C5EEAA99D5AC342E43B4D80E /* Alert.swift */; };
		C5EEA2CA75760E0A98B718FF /* Result.swift in Sources */ = {isa = PBXBuildFile; fileRef = C5EEA72696124BEA5C29AB7E /* Result.swift */; };
		C5EEA2D8EF10AF2447FF0D98 /* Collections.swift in Sources */ = {isa = PBXBuildFile; fileRef = C5EEA973D01BDAC61AFC1B62 /* Collections.swift */; };
		C5EEA39EFC96439DA2935762 /* StringEx.swift in Sources */ = {isa = PBXBuildFile; fileRef = C5EEA760BCA6EF3409568BFC /* StringEx.swift */; };
		C5EEA3B38A7C041C220D5E38 /* Utils.swift in Sources */ = {isa = PBXBuildFile; fileRef = C5EEA95AF38102006123C89F /* Utils.swift */; };
		C5EEA42956EBF8E72258EE4C /* MsgCenter.swift in Sources */ = {isa = PBXBuildFile; fileRef = C5EEA9F5D90130DA60B127AF /* MsgCenter.swift */; };
		C5EEA452834075FC6CA946D0 /* ProtoResult.swift in Sources */ = {isa = PBXBuildFile; fileRef = C5EEA7986FECF9A36F692FA1 /* ProtoResult.swift */; };
		C5EEA45B586427F3C670B73A /* Sizes.swift in Sources */ = {isa = PBXBuildFile; fileRef = C5EEA94D81761A35CE77C854 /* Sizes.swift */; };
		C5EEA483CDD0D6F22AB110E4 /* Toast.swift in Sources */ = {isa = PBXBuildFile; fileRef = C5EEACE6B74C9688623C2386 /* Toast.swift */; };
		C5EEA4B5F04CB0005A99705D /* Views.swift in Sources */ = {isa = PBXBuildFile; fileRef = C5EEA27DAA7A119A36F5D79A /* Views.swift */; };
		C5EEA4CAEFE155084193F2CE /* Assets.xcassets in Resources */ = {isa = PBXBuildFile; fileRef = C5EEAABDE4D1CEDD1E15DF2F /* Assets.xcassets */; };
		C5EEA4F94540F70DAB22180B /* Fonts.swift in Sources */ = {isa = PBXBuildFile; fileRef = C5EEA85B64CD39ADAA879D54 /* Fonts.swift */; };
		C5EEA4FCCB473B6958DBFFAC /* Reflect.swift in Sources */ = {isa = PBXBuildFile; fileRef = C5EEAFA87DAEE939A03CD79B /* Reflect.swift */; };
		C5EEA500B7E23BFB294222C6 /* Consts.swift in Sources */ = {isa = PBXBuildFile; fileRef = C5EEAA4961F9DF16BE7CA5EE /* Consts.swift */; };
		C5EEA511872EE45F7CE1DF36 /* AppExt.swift in Sources */ = {isa = PBXBuildFile; fileRef = C5EEAE25DA84C58D01EC6659 /* AppExt.swift */; };
		C5EEA52698CDE6703D4C37DB /* Files.swift in Sources */ = {isa = PBXBuildFile; fileRef = C5EEA4CF0AE5A46A9EDE8936 /* Files.swift */; };
		C5EEA52F86551F7FF27C2D3D /* ActionBlock.swift in Sources */ = {isa = PBXBuildFile; fileRef = C5EEA43A40B35E61C987DE87 /* ActionBlock.swift */; };
		C5EEA53F0E4C90D346D654A1 /* ViewControllers.swift in Sources */ = {isa = PBXBuildFile; fileRef = C5EEA66B1F7F1A1F09E543CA /* ViewControllers.swift */; };
		C5EEA5B60C627A6FDD1D99EA /* FileMap.swift in Sources */ = {isa = PBXBuildFile; fileRef = C5EEA4A54846E638F3109AC9 /* FileMap.swift */; };
		C5EEA5BA2A6689964ADAF548 /* WatchCenter.swift in Sources */ = {isa = PBXBuildFile; fileRef = C5EEA7EBA968CF3A08553D7F /* WatchCenter.swift */; };
		C5EEA5E3E9B8606A1925A9C3 /* FileSet.swift in Sources */ = {isa = PBXBuildFile; fileRef = C5EEA65A5439F04463131E8A /* FileSet.swift */; };
		C5EEA625E5BBC1BE5FF3AD2C /* Colors.swift in Sources */ = {isa = PBXBuildFile; fileRef = C5EEAC5FB8B5636D886D1F78 /* Colors.swift */; };
		C5EEA63BCB77314DCB79F93F /* NumberEx.swift in Sources */ = {isa = PBXBuildFile; fileRef = C5EEA1093835E2D11D5B8534 /* NumberEx.swift */; };
		C5EEA75455D66C3077A86D12 /* NumberExt.swift in Sources */ = {isa = PBXBuildFile; fileRef = C5EEAE834F404E4B88D11850 /* NumberExt.swift */; };
		C5EEA798B86135FD13F2EA48 /* Screens.swift in Sources */ = {isa = PBXBuildFile; fileRef = C5EEACC383D468A5EFD5B7B8 /* Screens.swift */; };
		C5EEA83A491307D454C676B3 /* UIUtils.swift in Sources */ = {isa = PBXBuildFile; fileRef = C5EEA7CCC38B9CF28192B169 /* UIUtils.swift */; };
		C5EEA8D43A0A433B2088DBA9 /* Task.swift in Sources */ = {isa = PBXBuildFile; fileRef = C5EEA266379A646BDBE46F6E /* Task.swift */; };
		C5EEA91FEB91D5BC8349CEC2 /* FileMap.swift in Sources */ = {isa = PBXBuildFile; fileRef = C5EEA720589586ECAF554187 /* FileMap.swift */; };
		C5EEAA26746D38D82544D383 /* Windows.swift in Sources */ = {isa = PBXBuildFile; fileRef = C5EEA0539927A30606DA6ED2 /* Windows.swift */; };
		C5EEAA650B96A5D4AAFCBF6A /* Json.swift in Sources */ = {isa = PBXBuildFile; fileRef = C5EEA60F2B9EDD55DB23D2EB /* Json.swift */; };
		C5EEAA989CECD7D45A89663C /* WeakRef.swift in Sources */ = {isa = PBXBuildFile; fileRef = C5EEAE017888CC5CF25D4198 /* WeakRef.swift */; };
		C5EEAB0D46482134CF01016F /* ByteBuffer.swift in Sources */ = {isa = PBXBuildFile; fileRef = C5EEA469614E25CD7F92FA3B /* ByteBuffer.swift */; };
		C5EEAB4A444186C6C9288839 /* log.swift in Sources */ = {isa = PBXBuildFile; fileRef = C5EEA24522E2FF7E928E7126 /* log.swift */; };
		C5EEAB68A99ABB6DF09458C8 /* Buttons.swift in Sources */ = {isa = PBXBuildFile; fileRef = C5EEAD709031E5BB67E598CF /* Buttons.swift */; };
		C5EEAB7F32B1F46FFAD03ADB /* Images.swift in Sources */ = {isa = PBXBuildFile; fileRef = C5EEA1E6CB78084051AC9F19 /* Images.swift */; };
		C5EEABEFE63E9ABF3522E13C /* Http.swift in Sources */ = {isa = PBXBuildFile; fileRef = C5EEA2AF865D85A381C56D01 /* Http.swift */; };
		C5EEABFF8A136BA89E773507 /* Labels.swift in Sources */ = {isa = PBXBuildFile; fileRef = C5EEA1930FD8D08B615A3941 /* Labels.swift */; };
		C5EEAC2947DD2EC381AEF23B /* KeyValue.swift in Sources */ = {isa = PBXBuildFile; fileRef = C5EEAD9FAE0CF6F0D457D575 /* KeyValue.swift */; };
		C5EEAC35577251421E688361 /* Files.swift in Sources */ = {isa = PBXBuildFile; fileRef = C5EEAEAB5F144093F3518138 /* Files.swift */; };
		C5EEAC4A705D0F8F14310B81 /* Globals.swift in Sources */ = {isa = PBXBuildFile; fileRef = C5EEAF779647D9FEEBCF8359 /* Globals.swift */; };
		C5EEAC584B65FC2BD18A90AA /* StringExt.swift in Sources */ = {isa = PBXBuildFile; fileRef = C5EEAE27C9B05CDB680E8A5F /* StringExt.swift */; };
		C5EEAC70F0A6EF19BB18AAA9 /* IString.swift in Sources */ = {isa = PBXBuildFile; fileRef = C5EEAEE1394DA0DBF444363E /* IString.swift */; };
		C5EEAC85A81CBD57E5386531 /* Json.swift in Sources */ = {isa = PBXBuildFile; fileRef = C5EEA1BD57B8FE5B2BAF7560 /* Json.swift */; };
		C5EEACA0F54EC313EA20A47D /* Types.swift in Sources */ = {isa = PBXBuildFile; fileRef = C5EEAF3E609106A7002D2658 /* Types.swift */; };
		C5EEACF1BE23C645961EF3E7 /* Error.swift in Sources */ = {isa = PBXBuildFile; fileRef = C5EEA7D3E4DDEE8390E1228F /* Error.swift */; };
		C5EEAD025F99E8C4E4699566 /* TextFields.swift in Sources */ = {isa = PBXBuildFile; fileRef = C5EEAC661AFA3BE54715720A /* TextFields.swift */; };
		C5EEAD15013551D5C089BE63 /* Log.swift in Sources */ = {isa = PBXBuildFile; fileRef = C5EEA08B8EF399A7F6D2B554 /* Log.swift */; };
		C5EEAD6018F168665A3DB684 /* WeakRef.swift in Sources */ = {isa = PBXBuildFile; fileRef = C5EEA3924551B57FD4F03387 /* WeakRef.swift */; };
		C5EEADB100B3C66C0C226DDC /* DataEx.swift in Sources */ = {isa = PBXBuildFile; fileRef = C5EEAF0296C2BF87F31F4FDB /* DataEx.swift */; };
		C5EEADB3DE5D78A4490610A5 /* Events.swift in Sources */ = {isa = PBXBuildFile; fileRef = C5EEA1D9032429681A4E9DCA /* Events.swift */; };
		C5EEADCA3185569532F54374 /* HttpImage.swift in Sources */ = {isa = PBXBuildFile; fileRef = C5EEA04787642E54F07D9A5E /* HttpImage.swift */; };
		C5EEAE29B149E1DE6B751BAC /* TapGesture.swift in Sources */ = {isa = PBXBuildFile; fileRef = C5EEA16C2091E9BF9AE50E0A /* TapGesture.swift */; };
		C5EEAEBCD5BED813B03F2627 /* Task.swift in Sources */ = {isa = PBXBuildFile; fileRef = C5EEA57934C82BB2427D21E2 /* Task.swift */; };
		C5EEAEC7196F11FE260850E7 /* Rects.swift in Sources */ = {isa = PBXBuildFile; fileRef = C5EEA01D6276280D52B9CA36 /* Rects.swift */; };
		C5EEAF936A27338033EC9561 /* FileArray.swift in Sources */ = {isa = PBXBuildFile; fileRef = C5EEA5949C0604B16E0A60E0 /* FileArray.swift */; };
		C5EEAF9E3491D2E3DC13D09A /* TableViews.swift in Sources */ = {isa = PBXBuildFile; fileRef = C5EEA31915A213310255C8F3 /* TableViews.swift */; };
		C5EEAFB80B497216118C4F98 /* TextViews.swift in Sources */ = {isa = PBXBuildFile; fileRef = C5EEA352D402D6E740080D7C /* TextViews.swift */; };
		C5EEAFD0D77412E84614DD3F /* TitleBar.swift in Sources */ = {isa = PBXBuildFile; fileRef = C5EEAE25FED12920DAE51CE0 /* TitleBar.swift */; };
/* End PBXBuildFile section */

/* Begin PBXFileReference section */
		065FB2C4295CA5C923F6E6E0 /* Pods-TestApp.release.xcconfig */ = {isa = PBXFileReference; includeInIndex = 1; lastKnownFileType = text.xcconfig; name = "Pods-TestApp.release.xcconfig"; path = "Target Support Files/Pods-TestApp/Pods-TestApp.release.xcconfig"; sourceTree = "<group>"; };
		47A78F4241376CBF2247C285 /* Pods-TestApp.debug.xcconfig */ = {isa = PBXFileReference; includeInIndex = 1; lastKnownFileType = text.xcconfig; name = "Pods-TestApp.debug.xcconfig"; path = "Target Support Files/Pods-TestApp/Pods-TestApp.debug.xcconfig"; sourceTree = "<group>"; };
		B618CC043891F2BD6DCF1D07 /* Pods_TestApp.framework */ = {isa = PBXFileReference; explicitFileType = wrapper.framework; includeInIndex = 0; path = Pods_TestApp.framework; sourceTree = BUILT_PRODUCTS_DIR; };
		C5EEA01D6276280D52B9CA36 /* Rects.swift */ = {isa = PBXFileReference; fileEncoding = 4; lastKnownFileType = sourcecode.swift; path = Rects.swift; sourceTree = "<group>"; };
		C5EEA04787642E54F07D9A5E /* HttpImage.swift */ = {isa = PBXFileReference; fileEncoding = 4; lastKnownFileType = sourcecode.swift; path = HttpImage.swift; sourceTree = "<group>"; };
		C5EEA0539927A30606DA6ED2 /* Windows.swift */ = {isa = PBXFileReference; fileEncoding = 4; lastKnownFileType = sourcecode.swift; path = Windows.swift; sourceTree = "<group>"; };
		C5EEA08B8EF399A7F6D2B554 /* Log.swift */ = {isa = PBXFileReference; fileEncoding = 4; lastKnownFileType = sourcecode.swift; path = Log.swift; sourceTree = "<group>"; };
		C5EEA1093835E2D11D5B8534 /* NumberEx.swift */ = {isa = PBXFileReference; fileEncoding = 4; lastKnownFileType = sourcecode.swift; path = NumberEx.swift; sourceTree = "<group>"; };
		C5EEA16C2091E9BF9AE50E0A /* TapGesture.swift */ = {isa = PBXFileReference; fileEncoding = 4; lastKnownFileType = sourcecode.swift; path = TapGesture.swift; sourceTree = "<group>"; };
		C5EEA1930FD8D08B615A3941 /* Labels.swift */ = {isa = PBXFileReference; fileEncoding = 4; lastKnownFileType = sourcecode.swift; path = Labels.swift; sourceTree = "<group>"; };
		C5EEA1BD57B8FE5B2BAF7560 /* Json.swift */ = {isa = PBXFileReference; fileEncoding = 4; lastKnownFileType = sourcecode.swift; path = Json.swift; sourceTree = "<group>"; };
		C5EEA1D9032429681A4E9DCA /* Events.swift */ = {isa = PBXFileReference; fileEncoding = 4; lastKnownFileType = sourcecode.swift; path = Events.swift; sourceTree = "<group>"; };
		C5EEA1E6CB78084051AC9F19 /* Images.swift */ = {isa = PBXFileReference; fileEncoding = 4; lastKnownFileType = sourcecode.swift; path = Images.swift; sourceTree = "<group>"; };
		C5EEA2353C28B2C87F0A49C0 /* Theme.swift */ = {isa = PBXFileReference; fileEncoding = 4; lastKnownFileType = sourcecode.swift; path = Theme.swift; sourceTree = "<group>"; };
		C5EEA24522E2FF7E928E7126 /* log.swift */ = {isa = PBXFileReference; fileEncoding = 4; lastKnownFileType = sourcecode.swift; path = log.swift; sourceTree = "<group>"; };
		C5EEA266379A646BDBE46F6E /* Task.swift */ = {isa = PBXFileReference; fileEncoding = 4; lastKnownFileType = sourcecode.swift; path = Task.swift; sourceTree = "<group>"; };
		C5EEA26EAC3287E15F645856 /* ViewController.swift */ = {isa = PBXFileReference; lastKnownFileType = sourcecode.swift; path = ViewController.swift; sourceTree = "<group>"; };
		C5EEA27DAA7A119A36F5D79A /* Views.swift */ = {isa = PBXFileReference; fileEncoding = 4; lastKnownFileType = sourcecode.swift; path = Views.swift; sourceTree = "<group>"; };
		C5EEA2AF865D85A381C56D01 /* Http.swift */ = {isa = PBXFileReference; fileEncoding = 4; lastKnownFileType = sourcecode.swift; path = Http.swift; sourceTree = "<group>"; };
		C5EEA2BE7DBD47A87267E99C /* ImageViews.swift */ = {isa = PBXFileReference; fileEncoding = 4; lastKnownFileType = sourcecode.swift; path = ImageViews.swift; sourceTree = "<group>"; };
		C5EEA2D0F728CE6249400E4F /* AppDele.swift */ = {isa = PBXFileReference; fileEncoding = 4; lastKnownFileType = sourcecode.swift; path = AppDele.swift; sourceTree = "<group>"; };
		C5EEA31915A213310255C8F3 /* TableViews.swift */ = {isa = PBXFileReference; fileEncoding = 4; lastKnownFileType = sourcecode.swift; path = TableViews.swift; sourceTree = "<group>"; };
		C5EEA32F991159F7840C59E3 /* ScaleAnim.swift */ = {isa = PBXFileReference; fileEncoding = 4; lastKnownFileType = sourcecode.swift; path = ScaleAnim.swift; sourceTree = "<group>"; };
		C5EEA33ACCE1034185D16A29 /* AppDelegate.swift */ = {isa = PBXFileReference; lastKnownFileType = sourcecode.swift; path = AppDelegate.swift; sourceTree = "<group>"; };
		C5EEA352D402D6E740080D7C /* TextViews.swift */ = {isa = PBXFileReference; fileEncoding = 4; lastKnownFileType = sourcecode.swift; path = TextViews.swift; sourceTree = "<group>"; };
		C5EEA35FE5FE7ECBF550F14D /* Info.plist */ = {isa = PBXFileReference; lastKnownFileType = text.plist.info; path = Info.plist; sourceTree = "<group>"; };
		C5EEA3924551B57FD4F03387 /* WeakRef.swift */ = {isa = PBXFileReference; fileEncoding = 4; lastKnownFileType = sourcecode.swift; path = WeakRef.swift; sourceTree = "<group>"; };
		C5EEA401090C8B1C4282E87D /* Objects.swift */ = {isa = PBXFileReference; fileEncoding = 4; lastKnownFileType = sourcecode.swift; path = Objects.swift; sourceTree = "<group>"; };
		C5EEA43A40B35E61C987DE87 /* ActionBlock.swift */ = {isa = PBXFileReference; fileEncoding = 4; lastKnownFileType = sourcecode.swift; path = ActionBlock.swift; sourceTree = "<group>"; };
		C5EEA469614E25CD7F92FA3B /* ByteBuffer.swift */ = {isa = PBXFileReference; fileEncoding = 4; lastKnownFileType = sourcecode.swift; path = ByteBuffer.swift; sourceTree = "<group>"; };
		C5EEA4A54846E638F3109AC9 /* FileMap.swift */ = {isa = PBXFileReference; fileEncoding = 4; lastKnownFileType = sourcecode.swift; path = FileMap.swift; sourceTree = "<group>"; };
		C5EEA4BA85D3729FE4481540 /* Date.swift */ = {isa = PBXFileReference; fileEncoding = 4; lastKnownFileType = sourcecode.swift; path = Date.swift; sourceTree = "<group>"; };
		C5EEA4CF0AE5A46A9EDE8936 /* Files.swift */ = {isa = PBXFileReference; fileEncoding = 4; lastKnownFileType = sourcecode.swift; path = Files.swift; sourceTree = "<group>"; };
		C5EEA4E37DE9D6AA830D0516 /* Hex.swift */ = {isa = PBXFileReference; fileEncoding = 4; lastKnownFileType = sourcecode.swift; path = Hex.swift; sourceTree = "<group>"; };
		C5EEA57934C82BB2427D21E2 /* Task.swift */ = {isa = PBXFileReference; fileEncoding = 4; lastKnownFileType = sourcecode.swift; path = Task.swift; sourceTree = "<group>"; };
		C5EEA5949C0604B16E0A60E0 /* FileArray.swift */ = {isa = PBXFileReference; fileEncoding = 4; lastKnownFileType = sourcecode.swift; path = FileArray.swift; sourceTree = "<group>"; };
		C5EEA60F2B9EDD55DB23D2EB /* Json.swift */ = {isa = PBXFileReference; fileEncoding = 4; lastKnownFileType = sourcecode.swift; path = Json.swift; sourceTree = "<group>"; };
		C5EEA65A5439F04463131E8A /* FileSet.swift */ = {isa = PBXFileReference; fileEncoding = 4; lastKnownFileType = sourcecode.swift; path = FileSet.swift; sourceTree = "<group>"; };
		C5EEA66B1F7F1A1F09E543CA /* ViewControllers.swift */ = {isa = PBXFileReference; fileEncoding = 4; lastKnownFileType = sourcecode.swift; path = ViewControllers.swift; sourceTree = "<group>"; };
		C5EEA720589586ECAF554187 /* FileMap.swift */ = {isa = PBXFileReference; fileEncoding = 4; lastKnownFileType = sourcecode.swift; path = FileMap.swift; sourceTree = "<group>"; };
		C5EEA72696124BEA5C29AB7E /* Result.swift */ = {isa = PBXFileReference; fileEncoding = 4; lastKnownFileType = sourcecode.swift; path = Result.swift; sourceTree = "<group>"; };
		C5EEA760BCA6EF3409568BFC /* StringEx.swift */ = {isa = PBXFileReference; fileEncoding = 4; lastKnownFileType = sourcecode.swift; path = StringEx.swift; sourceTree = "<group>"; };
		C5EEA7986FECF9A36F692FA1 /* ProtoResult.swift */ = {isa = PBXFileReference; fileEncoding = 4; lastKnownFileType = sourcecode.swift; path = ProtoResult.swift; sourceTree = "<group>"; };
		C5EEA7CCC38B9CF28192B169 /* UIUtils.swift */ = {isa = PBXFileReference; fileEncoding = 4; lastKnownFileType = sourcecode.swift; path = UIUtils.swift; sourceTree = "<group>"; };
		C5EEA7D3E4DDEE8390E1228F /* Error.swift */ = {isa = PBXFileReference; fileEncoding = 4; lastKnownFileType = sourcecode.swift; path = Error.swift; sourceTree = "<group>"; };
		C5EEA7EBA968CF3A08553D7F /* WatchCenter.swift */ = {isa = PBXFileReference; fileEncoding = 4; lastKnownFileType = sourcecode.swift; path = WatchCenter.swift; sourceTree = "<group>"; };
		C5EEA85B64CD39ADAA879D54 /* Fonts.swift */ = {isa = PBXFileReference; fileEncoding = 4; lastKnownFileType = sourcecode.swift; path = Fonts.swift; sourceTree = "<group>"; };
		C5EEA94D81761A35CE77C854 /* Sizes.swift */ = {isa = PBXFileReference; fileEncoding = 4; lastKnownFileType = sourcecode.swift; path = Sizes.swift; sourceTree = "<group>"; };
		C5EEA951D7901F4DCB8A808F /* CFile.swift */ = {isa = PBXFileReference; fileEncoding = 4; lastKnownFileType = sourcecode.swift; path = CFile.swift; sourceTree = "<group>"; };
		C5EEA95AF38102006123C89F /* Utils.swift */ = {isa = PBXFileReference; fileEncoding = 4; lastKnownFileType = sourcecode.swift; path = Utils.swift; sourceTree = "<group>"; };
		C5EEA973D01BDAC61AFC1B62 /* Collections.swift */ = {isa = PBXFileReference; fileEncoding = 4; lastKnownFileType = sourcecode.swift; path = Collections.swift; sourceTree = "<group>"; };
		C5EEA9F5D90130DA60B127AF /* MsgCenter.swift */ = {isa = PBXFileReference; fileEncoding = 4; lastKnownFileType = sourcecode.swift; path = MsgCenter.swift; sourceTree = "<group>"; };
		C5EEAA4961F9DF16BE7CA5EE /* Consts.swift */ = {isa = PBXFileReference; fileEncoding = 4; lastKnownFileType = sourcecode.swift; path = Consts.swift; sourceTree = "<group>"; };
		C5EEAA99D5AC342E43B4D80E /* Alert.swift */ = {isa = PBXFileReference; fileEncoding = 4; lastKnownFileType = sourcecode.swift; path = Alert.swift; sourceTree = "<group>"; };
		C5EEAABDE4D1CEDD1E15DF2F /* Assets.xcassets */ = {isa = PBXFileReference; lastKnownFileType = folder.assetcatalog; path = Assets.xcassets; sourceTree = "<group>"; };
		C5EEABA1F5EAE20656BA98A5 /* AlertSheet.swift */ = {isa = PBXFileReference; fileEncoding = 4; lastKnownFileType = sourcecode.swift; path = AlertSheet.swift; sourceTree = "<group>"; };
		C5EEAC5FB8B5636D886D1F78 /* Colors.swift */ = {isa = PBXFileReference; fileEncoding = 4; lastKnownFileType = sourcecode.swift; path = Colors.swift; sourceTree = "<group>"; };
		C5EEAC661AFA3BE54715720A /* TextFields.swift */ = {isa = PBXFileReference; fileEncoding = 4; lastKnownFileType = sourcecode.swift; path = TextFields.swift; sourceTree = "<group>"; };
		C5EEAC984E3E9A78A9CD17BC /* TestApp.app */ = {isa = PBXFileReference; explicitFileType = wrapper.application; includeInIndex = 0; path = TestApp.app; sourceTree = BUILT_PRODUCTS_DIR; };
		C5EEACC383D468A5EFD5B7B8 /* Screens.swift */ = {isa = PBXFileReference; fileEncoding = 4; lastKnownFileType = sourcecode.swift; path = Screens.swift; sourceTree = "<group>"; };
		C5EEACE6B74C9688623C2386 /* Toast.swift */ = {isa = PBXFileReference; fileEncoding = 4; lastKnownFileType = sourcecode.swift; path = Toast.swift; sourceTree = "<group>"; };
		C5EEAD4FA03958D8F82A7663 /* AttrText.swift */ = {isa = PBXFileReference; fileEncoding = 4; lastKnownFileType = sourcecode.swift; path = AttrText.swift; sourceTree = "<group>"; };
		C5EEAD709031E5BB67E598CF /* Buttons.swift */ = {isa = PBXFileReference; fileEncoding = 4; lastKnownFileType = sourcecode.swift; path = Buttons.swift; sourceTree = "<group>"; };
		C5EEAD9FAE0CF6F0D457D575 /* KeyValue.swift */ = {isa = PBXFileReference; fileEncoding = 4; lastKnownFileType = sourcecode.swift; path = KeyValue.swift; sourceTree = "<group>"; };
		C5EEAE017888CC5CF25D4198 /* WeakRef.swift */ = {isa = PBXFileReference; fileEncoding = 4; lastKnownFileType = sourcecode.swift; path = WeakRef.swift; sourceTree = "<group>"; };
		C5EEAE25DA84C58D01EC6659 /* AppExt.swift */ = {isa = PBXFileReference; fileEncoding = 4; lastKnownFileType = sourcecode.swift; path = AppExt.swift; sourceTree = "<group>"; };
		C5EEAE25FED12920DAE51CE0 /* TitleBar.swift */ = {isa = PBXFileReference; fileEncoding = 4; lastKnownFileType = sourcecode.swift; path = TitleBar.swift; sourceTree = "<group>"; };
		C5EEAE27C9B05CDB680E8A5F /* StringExt.swift */ = {isa = PBXFileReference; fileEncoding = 4; lastKnownFileType = sourcecode.swift; path = StringExt.swift; sourceTree = "<group>"; };
		C5EEAE834F404E4B88D11850 /* NumberExt.swift */ = {isa = PBXFileReference; fileEncoding = 4; lastKnownFileType = sourcecode.swift; path = NumberExt.swift; sourceTree = "<group>"; };
		C5EEAEAB5F144093F3518138 /* Files.swift */ = {isa = PBXFileReference; fileEncoding = 4; lastKnownFileType = sourcecode.swift; path = Files.swift; sourceTree = "<group>"; };
		C5EEAEE1394DA0DBF444363E /* IString.swift */ = {isa = PBXFileReference; fileEncoding = 4; lastKnownFileType = sourcecode.swift; path = IString.swift; sourceTree = "<group>"; };
		C5EEAF0296C2BF87F31F4FDB /* DataEx.swift */ = {isa = PBXFileReference; fileEncoding = 4; lastKnownFileType = sourcecode.swift; path = DataEx.swift; sourceTree = "<group>"; };
		C5EEAF3E609106A7002D2658 /* Types.swift */ = {isa = PBXFileReference; fileEncoding = 4; lastKnownFileType = sourcecode.swift; path = Types.swift; sourceTree = "<group>"; };
		C5EEAF779647D9FEEBCF8359 /* Globals.swift */ = {isa = PBXFileReference; fileEncoding = 4; lastKnownFileType = sourcecode.swift; path = Globals.swift; sourceTree = "<group>"; };
		C5EEAFA87DAEE939A03CD79B /* Reflect.swift */ = {isa = PBXFileReference; fileEncoding = 4; lastKnownFileType = sourcecode.swift; path = Reflect.swift; sourceTree = "<group>"; };
/* End PBXFileReference section */

/* Begin PBXFrameworksBuildPhase section */
		C5EEAED9CB48E1FDFF9AAFA7 /* Frameworks */ = {
			isa = PBXFrameworksBuildPhase;
			buildActionMask = 2147483647;
			files = (
				689AA1E387F6FBA866B2883C /* Pods_TestApp.framework in Frameworks */,
			);
			runOnlyForDeploymentPostprocessing = 0;
		};
/* End PBXFrameworksBuildPhase section */

/* Begin PBXGroup section */
		64C9C2D0619A72EBC456EC61 /* Frameworks */ = {
			isa = PBXGroup;
			children = (
				B618CC043891F2BD6DCF1D07 /* Pods_TestApp.framework */,
			);
			name = Frameworks;
			sourceTree = "<group>";
		};
		8C529FCF8932F440626D9EA7 /* Pods */ = {
			isa = PBXGroup;
			children = (
				47A78F4241376CBF2247C285 /* Pods-TestApp.debug.xcconfig */,
				065FB2C4295CA5C923F6E6E0 /* Pods-TestApp.release.xcconfig */,
			);
			path = Pods;
			sourceTree = "<group>";
		};
		C5EEA1A71A2E31ABD762A9D9 /* TestApp */ = {
			isa = PBXGroup;
			children = (
				C5EEA35FE5FE7ECBF550F14D /* Info.plist */,
				C5EEAABDE4D1CEDD1E15DF2F /* Assets.xcassets */,
				C5EEA33ACCE1034185D16A29 /* AppDelegate.swift */,
				C5EEA26EAC3287E15F645856 /* ViewController.swift */,
				C5EEA97134BF9B37A19DB697 /* FoundBase */,
				C5EEA59079AB0DFA7F400ACB /* UIBase */,
			);
			path = TestApp;
			sourceTree = "<group>";
		};
		C5EEA43B1E45CF218B446A83 /* files */ = {
			isa = PBXGroup;
			children = (
				C5EEAEAB5F144093F3518138 /* Files.swift */,
				C5EEA720589586ECAF554187 /* FileMap.swift */,
				C5EEA65A5439F04463131E8A /* FileSet.swift */,
				C5EEA5949C0604B16E0A60E0 /* FileArray.swift */,
			);
			path = files;
			sourceTree = "<group>";
		};
		C5EEA59079AB0DFA7F400ACB /* UIBase */ = {
			isa = PBXGroup;
			children = (
				C5EEA7CCC38B9CF28192B169 /* UIUtils.swift */,
				C5EEA43A40B35E61C987DE87 /* ActionBlock.swift */,
				C5EEAA99D5AC342E43B4D80E /* Alert.swift */,
				C5EEABA1F5EAE20656BA98A5 /* AlertSheet.swift */,
				C5EEA2D0F728CE6249400E4F /* AppDele.swift */,
				C5EEAE25DA84C58D01EC6659 /* AppExt.swift */,
				C5EEAD4FA03958D8F82A7663 /* AttrText.swift */,
				C5EEAD709031E5BB67E598CF /* Buttons.swift */,
				C5EEAC5FB8B5636D886D1F78 /* Colors.swift */,
				C5EEAA4961F9DF16BE7CA5EE /* Consts.swift */,
				C5EEA7D3E4DDEE8390E1228F /* Error.swift */,
				C5EEA1D9032429681A4E9DCA /* Events.swift */,
				C5EEA4A54846E638F3109AC9 /* FileMap.swift */,
				C5EEA4CF0AE5A46A9EDE8936 /* Files.swift */,
				C5EEA85B64CD39ADAA879D54 /* Fonts.swift */,
				C5EEAF779647D9FEEBCF8359 /* Globals.swift */,
				C5EEA2AF865D85A381C56D01 /* Http.swift */,
				C5EEA04787642E54F07D9A5E /* HttpImage.swift */,
				C5EEA1E6CB78084051AC9F19 /* Images.swift */,
				C5EEA2BE7DBD47A87267E99C /* ImageViews.swift */,
				C5EEAEE1394DA0DBF444363E /* IString.swift */,
				C5EEA60F2B9EDD55DB23D2EB /* Json.swift */,
				C5EEAD9FAE0CF6F0D457D575 /* KeyValue.swift */,
				C5EEA1930FD8D08B615A3941 /* Labels.swift */,
				C5EEA24522E2FF7E928E7126 /* log.swift */,
				C5EEA9F5D90130DA60B127AF /* MsgCenter.swift */,
				C5EEAE834F404E4B88D11850 /* NumberExt.swift */,
				C5EEA401090C8B1C4282E87D /* Objects.swift */,
				C5EEA7986FECF9A36F692FA1 /* ProtoResult.swift */,
				C5EEA01D6276280D52B9CA36 /* Rects.swift */,
				C5EEAFA87DAEE939A03CD79B /* Reflect.swift */,
				C5EEA32F991159F7840C59E3 /* ScaleAnim.swift */,
				C5EEACC383D468A5EFD5B7B8 /* Screens.swift */,
				C5EEA94D81761A35CE77C854 /* Sizes.swift */,
				C5EEAE27C9B05CDB680E8A5F /* StringExt.swift */,
				C5EEA31915A213310255C8F3 /* TableViews.swift */,
				C5EEA16C2091E9BF9AE50E0A /* TapGesture.swift */,
				C5EEA57934C82BB2427D21E2 /* Task.swift */,
				C5EEAC661AFA3BE54715720A /* TextFields.swift */,
				C5EEA352D402D6E740080D7C /* TextViews.swift */,
				C5EEA2353C28B2C87F0A49C0 /* Theme.swift */,
				C5EEAE25FED12920DAE51CE0 /* TitleBar.swift */,
				C5EEACE6B74C9688623C2386 /* Toast.swift */,
				C5EEA66B1F7F1A1F09E543CA /* ViewControllers.swift */,
				C5EEA27DAA7A119A36F5D79A /* Views.swift */,
				C5EEA7EBA968CF3A08553D7F /* WatchCenter.swift */,
				C5EEAE017888CC5CF25D4198 /* WeakRef.swift */,
				C5EEA0539927A30606DA6ED2 /* Windows.swift */,
			);
			path = UIBase;
			sourceTree = "<group>";
		};
		C5EEA7251C51EA22A5573A9A = {
			isa = PBXGroup;
			children = (
				C5EEA80232390DFFB0268108 /* Products */,
				C5EEA1A71A2E31ABD762A9D9 /* TestApp */,
				8C529FCF8932F440626D9EA7 /* Pods */,
				64C9C2D0619A72EBC456EC61 /* Frameworks */,
			);
			sourceTree = "<group>";
		};
		C5EEA80232390DFFB0268108 /* Products */ = {
			isa = PBXGroup;
			children = (
				C5EEAC984E3E9A78A9CD17BC /* TestApp.app */,
			);
			name = Products;
			sourceTree = "<group>";
		};
		C5EEA97134BF9B37A19DB697 /* FoundBase */ = {
			isa = PBXGroup;
			children = (
				C5EEA43B1E45CF218B446A83 /* files */,
				C5EEA469614E25CD7F92FA3B /* ByteBuffer.swift */,
				C5EEA951D7901F4DCB8A808F /* CFile.swift */,
				C5EEAF0296C2BF87F31F4FDB /* DataEx.swift */,
				C5EEA4BA85D3729FE4481540 /* Date.swift */,
				C5EEA4E37DE9D6AA830D0516 /* Hex.swift */,
				C5EEA1BD57B8FE5B2BAF7560 /* Json.swift */,
				C5EEA08B8EF399A7F6D2B554 /* Log.swift */,
				C5EEA1093835E2D11D5B8534 /* NumberEx.swift */,
				C5EEA72696124BEA5C29AB7E /* Result.swift */,
				C5EEA760BCA6EF3409568BFC /* StringEx.swift */,
				C5EEA266379A646BDBE46F6E /* Task.swift */,
				C5EEAF3E609106A7002D2658 /* Types.swift */,
				C5EEA95AF38102006123C89F /* Utils.swift */,
				C5EEA3924551B57FD4F03387 /* WeakRef.swift */,
				C5EEA973D01BDAC61AFC1B62 /* Collections.swift */,
			);
			path = FoundBase;
			sourceTree = "<group>";
		};
/* End PBXGroup section */

/* Begin PBXNativeTarget section */
		C5EEA5FCF7530C1B49C73018 /* TestApp */ = {
			isa = PBXNativeTarget;
			buildConfigurationList = C5EEACBE45DA0C25636C7986 /* Build configuration list for PBXNativeTarget "TestApp" */;
			buildPhases = (
				D8AFBE84752D189C7F5F975D /* [CP] Check Pods Manifest.lock */,
				C5EEA9E2DF1BC837D112B77E /* Sources */,
				C5EEAED9CB48E1FDFF9AAFA7 /* Frameworks */,
				C5EEA47FB71433CED27DB55A /* Resources */,
				2319ACB86483DF032769FB16 /* [CP] Embed Pods Frameworks */,
			);
			buildRules = (
			);
			dependencies = (
			);
			name = TestApp;
			productName = TestApp;
			productReference = C5EEAC984E3E9A78A9CD17BC /* TestApp.app */;
			productType = "com.apple.product-type.application";
		};
/* End PBXNativeTarget section */

/* Begin PBXProject section */
		C5EEA4083CD8102836DBD624 /* Project object */ = {
			isa = PBXProject;
			attributes = {
				LastUpgradeCheck = 1020;
				ORGANIZATIONNAME = entao.dev;
				TargetAttributes = {
					C5EEA5FCF7530C1B49C73018 = {
						DevelopmentTeam = HPA69P8D2K;
					};
				};
			};
			buildConfigurationList = C5EEA8E0EC9EC7D4654769F2 /* Build configuration list for PBXProject "TestApp" */;
			compatibilityVersion = "Xcode 3.2";
			developmentRegion = en;
			hasScannedForEncodings = 0;
			knownRegions = (
				en,
				Base,
			);
			mainGroup = C5EEA7251C51EA22A5573A9A;
			productRefGroup = C5EEA80232390DFFB0268108 /* Products */;
			projectDirPath = "";
			projectRoot = "";
			targets = (
				C5EEA5FCF7530C1B49C73018 /* TestApp */,
			);
		};
/* End PBXProject section */

/* Begin PBXResourcesBuildPhase section */
		C5EEA47FB71433CED27DB55A /* Resources */ = {
			isa = PBXResourcesBuildPhase;
			buildActionMask = 2147483647;
			files = (
				C5EEA4CAEFE155084193F2CE /* Assets.xcassets in Resources */,
			);
			runOnlyForDeploymentPostprocessing = 0;
		};
/* End PBXResourcesBuildPhase section */

/* Begin PBXShellScriptBuildPhase section */
		2319ACB86483DF032769FB16 /* [CP] Embed Pods Frameworks */ = {
			isa = PBXShellScriptBuildPhase;
			buildActionMask = 2147483647;
			files = (
			);
			inputPaths = (
				"${PODS_ROOT}/Target Support Files/Pods-TestApp/Pods-TestApp-frameworks.sh",
				"${BUILT_PRODUCTS_DIR}/YetBase/YetBase.framework",
			);
			name = "[CP] Embed Pods Frameworks";
			outputPaths = (
				"${TARGET_BUILD_DIR}/${FRAMEWORKS_FOLDER_PATH}/YetBase.framework",
			);
			runOnlyForDeploymentPostprocessing = 0;
			shellPath = /bin/sh;
			shellScript = "\"${PODS_ROOT}/Target Support Files/Pods-TestApp/Pods-TestApp-frameworks.sh\"\n";
			showEnvVarsInLog = 0;
		};
		D8AFBE84752D189C7F5F975D /* [CP] Check Pods Manifest.lock */ = {
			isa = PBXShellScriptBuildPhase;
			buildActionMask = 2147483647;
			files = (
			);
			inputFileListPaths = (
			);
			inputPaths = (
				"${PODS_PODFILE_DIR_PATH}/Podfile.lock",
				"${PODS_ROOT}/Manifest.lock",
			);
			name = "[CP] Check Pods Manifest.lock";
			outputFileListPaths = (
			);
			outputPaths = (
				"$(DERIVED_FILE_DIR)/Pods-TestApp-checkManifestLockResult.txt",
			);
			runOnlyForDeploymentPostprocessing = 0;
			shellPath = /bin/sh;
			shellScript = "diff \"${PODS_PODFILE_DIR_PATH}/Podfile.lock\" \"${PODS_ROOT}/Manifest.lock\" > /dev/null\nif [ $? != 0 ] ; then\n    # print error to STDERR\n    echo \"error: The sandbox is not in sync with the Podfile.lock. Run 'pod install' or update your CocoaPods installation.\" >&2\n    exit 1\nfi\n# This output is used by Xcode 'outputs' to avoid re-running this script phase.\necho \"SUCCESS\" > \"${SCRIPT_OUTPUT_FILE_0}\"\n";
			showEnvVarsInLog = 0;
		};
/* End PBXShellScriptBuildPhase section */

/* Begin PBXSourcesBuildPhase section */
		C5EEA9E2DF1BC837D112B77E /* Sources */ = {
			isa = PBXSourcesBuildPhase;
			buildActionMask = 2147483647;
			files = (
				C5EEA0AB5174AC813BD9B92B /* AppDelegate.swift in Sources */,
				C5EEA00E9B957BBFB59A6C24 /* ViewController.swift in Sources */,
				C5EEAC35577251421E688361 /* Files.swift in Sources */,
				C5EEA91FEB91D5BC8349CEC2 /* FileMap.swift in Sources */,
				C5EEA5E3E9B8606A1925A9C3 /* FileSet.swift in Sources */,
				C5EEAF936A27338033EC9561 /* FileArray.swift in Sources */,
				C5EEAB0D46482134CF01016F /* ByteBuffer.swift in Sources */,
				C5EEA1024406C3B7501AF338 /* CFile.swift in Sources */,
				C5EEADB100B3C66C0C226DDC /* DataEx.swift in Sources */,
				C5EEA12B0D9D4E7A7E89FB9B /* Date.swift in Sources */,
				C5EEA1C405F5A6278B34DA91 /* Hex.swift in Sources */,
				C5EEAC85A81CBD57E5386531 /* Json.swift in Sources */,
				C5EEAD15013551D5C089BE63 /* Log.swift in Sources */,
				C5EEA63BCB77314DCB79F93F /* NumberEx.swift in Sources */,
				C5EEA2CA75760E0A98B718FF /* Result.swift in Sources */,
				C5EEA39EFC96439DA2935762 /* StringEx.swift in Sources */,
				C5EEA8D43A0A433B2088DBA9 /* Task.swift in Sources */,
				C5EEACA0F54EC313EA20A47D /* Types.swift in Sources */,
				C5EEA3B38A7C041C220D5E38 /* Utils.swift in Sources */,
				C5EEAD6018F168665A3DB684 /* WeakRef.swift in Sources */,
				C5EEA2D8EF10AF2447FF0D98 /* Collections.swift in Sources */,
				C5EEA83A491307D454C676B3 /* UIUtils.swift in Sources */,
				C5EEA52F86551F7FF27C2D3D /* ActionBlock.swift in Sources */,
				C5EEA2972453383531057967 /* Alert.swift in Sources */,
				C5EEA215C52567F40A203D5C /* AlertSheet.swift in Sources */,
				C5EEA11486F93EE5DCF002B7 /* AppDele.swift in Sources */,
				C5EEA511872EE45F7CE1DF36 /* AppExt.swift in Sources */,
				C5EEA248EE333BD87DA53F54 /* AttrText.swift in Sources */,
				C5EEAB68A99ABB6DF09458C8 /* Buttons.swift in Sources */,
				C5EEA625E5BBC1BE5FF3AD2C /* Colors.swift in Sources */,
				C5EEA500B7E23BFB294222C6 /* Consts.swift in Sources */,
				C5EEACF1BE23C645961EF3E7 /* Error.swift in Sources */,
				C5EEADB3DE5D78A4490610A5 /* Events.swift in Sources */,
				C5EEA5B60C627A6FDD1D99EA /* FileMap.swift in Sources */,
				C5EEA52698CDE6703D4C37DB /* Files.swift in Sources */,
				C5EEA4F94540F70DAB22180B /* Fonts.swift in Sources */,
				C5EEAC4A705D0F8F14310B81 /* Globals.swift in Sources */,
				C5EEABEFE63E9ABF3522E13C /* Http.swift in Sources */,
				C5EEADCA3185569532F54374 /* HttpImage.swift in Sources */,
				C5EEAB7F32B1F46FFAD03ADB /* Images.swift in Sources */,
				C5EEA1E18C76A486679FC8D4 /* ImageViews.swift in Sources */,
				C5EEAC70F0A6EF19BB18AAA9 /* IString.swift in Sources */,
				C5EEAA650B96A5D4AAFCBF6A /* Json.swift in Sources */,
				C5EEAC2947DD2EC381AEF23B /* KeyValue.swift in Sources */,
				C5EEABFF8A136BA89E773507 /* Labels.swift in Sources */,
				C5EEAB4A444186C6C9288839 /* log.swift in Sources */,
				C5EEA42956EBF8E72258EE4C /* MsgCenter.swift in Sources */,
				C5EEA75455D66C3077A86D12 /* NumberExt.swift in Sources */,
				C5EEA0EF69575F5A86092FAA /* Objects.swift in Sources */,
				C5EEA452834075FC6CA946D0 /* ProtoResult.swift in Sources */,
				C5EEAEC7196F11FE260850E7 /* Rects.swift in Sources */,
				C5EEA4FCCB473B6958DBFFAC /* Reflect.swift in Sources */,
				C5EEA17FA499A91DB3979E28 /* ScaleAnim.swift in Sources */,
				C5EEA798B86135FD13F2EA48 /* Screens.swift in Sources */,
				C5EEA45B586427F3C670B73A /* Sizes.swift in Sources */,
				C5EEAC584B65FC2BD18A90AA /* StringExt.swift in Sources */,
				C5EEAF9E3491D2E3DC13D09A /* TableViews.swift in Sources */,
				C5EEAE29B149E1DE6B751BAC /* TapGesture.swift in Sources */,
				C5EEAEBCD5BED813B03F2627 /* Task.swift in Sources */,
				C5EEAD025F99E8C4E4699566 /* TextFields.swift in Sources */,
				C5EEAFB80B497216118C4F98 /* TextViews.swift in Sources */,
				C5EEA0B317C73935A7252D83 /* Theme.swift in Sources */,
				C5EEAFD0D77412E84614DD3F /* TitleBar.swift in Sources */,
				C5EEA483CDD0D6F22AB110E4 /* Toast.swift in Sources */,
				C5EEA53F0E4C90D346D654A1 /* ViewControllers.swift in Sources */,
				C5EEA4B5F04CB0005A99705D /* Views.swift in Sources */,
				C5EEA5BA2A6689964ADAF548 /* WatchCenter.swift in Sources */,
				C5EEAA989CECD7D45A89663C /* WeakRef.swift in Sources */,
				C5EEAA26746D38D82544D383 /* Windows.swift in Sources */,
			);
			runOnlyForDeploymentPostprocessing = 0;
		};
/* End PBXSourcesBuildPhase section */

/* Begin XCBuildConfiguration section */
		C5EEA217E83568D97B751DA7 /* Release */ = {
			isa = XCBuildConfiguration;
			buildSettings = {
				ALWAYS_SEARCH_USER_PATHS = NO;
				CLANG_ANALYZER_LOCALIZABILITY_NONLOCALIZED = YES;
				CLANG_ANALYZER_NONNULL = YES;
				CLANG_ANALYZER_NUMBER_OBJECT_CONVERSION = YES_AGGRESSIVE;
				CLANG_CXX_LANGUAGE_STANDARD = "gnu++14";
				CLANG_CXX_LIBRARY = "libc++";
				CLANG_ENABLE_MODULES = YES;
				CLANG_ENABLE_OBJC_ARC = YES;
				CLANG_ENABLE_OBJC_WEAK = YES;
				CLANG_WARN_BLOCK_CAPTURE_AUTORELEASING = YES;
				CLANG_WARN_BOOL_CONVERSION = YES;
				CLANG_WARN_COMMA = YES;
				CLANG_WARN_CONSTANT_CONVERSION = YES;
				CLANG_WARN_DEPRECATED_OBJC_IMPLEMENTATIONS = YES;
				CLANG_WARN_DIRECT_OBJC_ISA_USAGE = YES_ERROR;
				CLANG_WARN_DOCUMENTATION_COMMENTS = YES;
				CLANG_WARN_EMPTY_BODY = YES;
				CLANG_WARN_ENUM_CONVERSION = YES;
				CLANG_WARN_INFINITE_RECURSION = YES;
				CLANG_WARN_INT_CONVERSION = YES;
				CLANG_WARN_NON_LITERAL_NULL_CONVERSION = YES;
				CLANG_WARN_OBJC_IMPLICIT_RETAIN_SELF = YES;
				CLANG_WARN_OBJC_LITERAL_CONVERSION = YES;
				CLANG_WARN_OBJC_ROOT_CLASS = YES_ERROR;
				CLANG_WARN_RANGE_LOOP_ANALYSIS = YES;
				CLANG_WARN_STRICT_PROTOTYPES = YES;
				CLANG_WARN_SUSPICIOUS_MOVE = YES;
				CLANG_WARN_UNGUARDED_AVAILABILITY = YES_AGGRESSIVE;
				CLANG_WARN_UNREACHABLE_CODE = YES;
				CLANG_WARN__DUPLICATE_METHOD_MATCH = YES;
				CODE_SIGN_IDENTITY = "iPhone Developer";
				COPY_PHASE_STRIP = NO;
				DEBUG_INFORMATION_FORMAT = "dwarf-with-dsym";
				ENABLE_NS_ASSERTIONS = NO;
				ENABLE_STRICT_OBJC_MSGSEND = YES;
				GCC_C_LANGUAGE_STANDARD = gnu11;
				GCC_NO_COMMON_BLOCKS = YES;
				GCC_WARN_64_TO_32_BIT_CONVERSION = YES;
				GCC_WARN_ABOUT_RETURN_TYPE = YES_ERROR;
				GCC_WARN_UNDECLARED_SELECTOR = YES;
				GCC_WARN_UNINITIALIZED_AUTOS = YES_AGGRESSIVE;
				GCC_WARN_UNUSED_FUNCTION = YES;
				GCC_WARN_UNUSED_VARIABLE = YES;
				IPHONEOS_DEPLOYMENT_TARGET = 11.0;
				MTL_ENABLE_DEBUG_INFO = NO;
				MTL_FAST_MATH = YES;
				SDKROOT = iphoneos;
				SWIFT_OPTIMIZATION_LEVEL = "-Owholemodule";
				SWIFT_VERSION = 5.0;
				VALIDATE_PRODUCT = YES;
			};
			name = Release;
		};
		C5EEA362F906C38ACB107DA8 /* Debug */ = {
			isa = XCBuildConfiguration;
			baseConfigurationReference = 47A78F4241376CBF2247C285 /* Pods-TestApp.debug.xcconfig */;
			buildSettings = {
				ASSETCATALOG_COMPILER_APPICON_NAME = AppIcon;
				DEVELOPMENT_TEAM = HPA69P8D2K;
				INFOPLIST_FILE = TestApp/Info.plist;
				IPHONEOS_DEPLOYMENT_TARGET = 11.0;
				LD_RUNPATH_SEARCH_PATHS = "$(inherited) @executable_path/Frameworks";
				PRODUCT_BUNDLE_IDENTIFIER = dev.entao.TestApp;
				PRODUCT_NAME = "$(TARGET_NAME)";
				SWIFT_VERSION = 5.0;
				TARGETED_DEVICE_FAMILY = 1;
			};
			name = Debug;
		};
		C5EEA9E0F4AD59EB8C587D30 /* Debug */ = {
			isa = XCBuildConfiguration;
			buildSettings = {
				ALWAYS_SEARCH_USER_PATHS = NO;
				CLANG_ANALYZER_LOCALIZABILITY_NONLOCALIZED = YES;
				CLANG_ANALYZER_NONNULL = YES;
				CLANG_ANALYZER_NUMBER_OBJECT_CONVERSION = YES_AGGRESSIVE;
				CLANG_CXX_LANGUAGE_STANDARD = "gnu++14";
				CLANG_CXX_LIBRARY = "libc++";
				CLANG_ENABLE_MODULES = YES;
				CLANG_ENABLE_OBJC_ARC = YES;
				CLANG_ENABLE_OBJC_WEAK = YES;
				CLANG_WARN_BLOCK_CAPTURE_AUTORELEASING = YES;
				CLANG_WARN_BOOL_CONVERSION = YES;
				CLANG_WARN_COMMA = YES;
				CLANG_WARN_CONSTANT_CONVERSION = YES;
				CLANG_WARN_DEPRECATED_OBJC_IMPLEMENTATIONS = YES;
				CLANG_WARN_DIRECT_OBJC_ISA_USAGE = YES_ERROR;
				CLANG_WARN_DOCUMENTATION_COMMENTS = YES;
				CLANG_WARN_EMPTY_BODY = YES;
				CLANG_WARN_ENUM_CONVERSION = YES;
				CLANG_WARN_INFINITE_RECURSION = YES;
				CLANG_WARN_INT_CONVERSION = YES;
				CLANG_WARN_NON_LITERAL_NULL_CONVERSION = YES;
				CLANG_WARN_OBJC_IMPLICIT_RETAIN_SELF = YES;
				CLANG_WARN_OBJC_LITERAL_CONVERSION = YES;
				CLANG_WARN_OBJC_ROOT_CLASS = YES_ERROR;
				CLANG_WARN_RANGE_LOOP_ANALYSIS = YES;
				CLANG_WARN_STRICT_PROTOTYPES = YES;
				CLANG_WARN_SUSPICIOUS_MOVE = YES;
				CLANG_WARN_UNGUARDED_AVAILABILITY = YES_AGGRESSIVE;
				CLANG_WARN_UNREACHABLE_CODE = YES;
				CLANG_WARN__DUPLICATE_METHOD_MATCH = YES;
				CODE_SIGN_IDENTITY = "iPhone Developer";
				COPY_PHASE_STRIP = NO;
				DEBUG_INFORMATION_FORMAT = dwarf;
				ENABLE_STRICT_OBJC_MSGSEND = YES;
				ENABLE_TESTABILITY = YES;
				GCC_C_LANGUAGE_STANDARD = gnu11;
				GCC_DYNAMIC_NO_PIC = NO;
				GCC_NO_COMMON_BLOCKS = YES;
				GCC_OPTIMIZATION_LEVEL = 0;
				GCC_PREPROCESSOR_DEFINITIONS = (
					"DEBUG=1",
					"$(inherited)",
				);
				GCC_WARN_64_TO_32_BIT_CONVERSION = YES;
				GCC_WARN_ABOUT_RETURN_TYPE = YES_ERROR;
				GCC_WARN_UNDECLARED_SELECTOR = YES;
				GCC_WARN_UNINITIALIZED_AUTOS = YES_AGGRESSIVE;
				GCC_WARN_UNUSED_FUNCTION = YES;
				GCC_WARN_UNUSED_VARIABLE = YES;
				IPHONEOS_DEPLOYMENT_TARGET = 11.0;
				MTL_ENABLE_DEBUG_INFO = INCLUDE_SOURCE;
				MTL_FAST_MATH = YES;
				ONLY_ACTIVE_ARCH = YES;
				SDKROOT = iphoneos;
				SWIFT_ACTIVE_COMPILATION_CONDITIONS = DEBUG;
				SWIFT_OPTIMIZATION_LEVEL = "-Onone";
				SWIFT_VERSION = 5.0;
			};
			name = Debug;
		};
		C5EEAB9C61B8DCF861BAB969 /* Release */ = {
			isa = XCBuildConfiguration;
			baseConfigurationReference = 065FB2C4295CA5C923F6E6E0 /* Pods-TestApp.release.xcconfig */;
			buildSettings = {
				ASSETCATALOG_COMPILER_APPICON_NAME = AppIcon;
				DEVELOPMENT_TEAM = HPA69P8D2K;
				INFOPLIST_FILE = TestApp/Info.plist;
				IPHONEOS_DEPLOYMENT_TARGET = 11.0;
				LD_RUNPATH_SEARCH_PATHS = "$(inherited) @executable_path/Frameworks";
				PRODUCT_BUNDLE_IDENTIFIER = dev.entao.TestApp;
				PRODUCT_NAME = "$(TARGET_NAME)";
				SWIFT_VERSION = 5.0;
				TARGETED_DEVICE_FAMILY = 1;
			};
			name = Release;
		};
/* End XCBuildConfiguration section */

/* Begin XCConfigurationList section */
		C5EEA8E0EC9EC7D4654769F2 /* Build configuration list for PBXProject "TestApp" */ = {
			isa = XCConfigurationList;
			buildConfigurations = (
				C5EEA9E0F4AD59EB8C587D30 /* Debug */,
				C5EEA217E83568D97B751DA7 /* Release */,
			);
			defaultConfigurationIsVisible = 0;
			defaultConfigurationName = Release;
		};
		C5EEACBE45DA0C25636C7986 /* Build configuration list for PBXNativeTarget "TestApp" */ = {
			isa = XCConfigurationList;
			buildConfigurations = (
				C5EEA362F906C38ACB107DA8 /* Debug */,
				C5EEAB9C61B8DCF861BAB969 /* Release */,
			);
			defaultConfigurationIsVisible = 0;
			defaultConfigurationName = Release;
		};
/* End XCConfigurationList section */
	};
	rootObject = C5EEA4083CD8102836DBD624 /* Project object */;
}
